<Solution>
  <Project Path="BigBob.API/BigBob.API.csproj" />
  <Project Path="BigBob.Core/BigBob.Core.csproj" Id="060dc66b-3cba-40d2-ad8a-132c836523d3" />
  <Project Path="BigBob.DI/BigBob.DI.csproj" />
  <Project Path="BigBob.Generators/BigBob.Generators.csproj" />
  <Project Path="BigBob.Persistence/BigBob.Persistence.csproj" Id="08b94831-4e64-42ea-bca4-deeba2c352bf" />
</Solution>
